{
  "name": "@advanced-rest-client/response-view",
  "version": "3.0.4",
  "lockfileVersion": 1,
  "requires": true,
  "dependencies": {
    "@advanced-rest-client/arc-fit-mixin": {
      "version": "1.2.1",
      "resolved": "https://registry.npmjs.org/@advanced-rest-client/arc-fit-mixin/-/arc-fit-mixin-1.2.1.tgz",
      "integrity": "sha512-r7QWIOKRRY4+Cn7/cILJKMf63V5nlb/Ej6B58DftLXOMJ5hqKPKdJWuXB+DRHAwAEfF+FhCmY5HfibSmCskj+Q==",
      "requires": {
        "@open-wc/dedupe-mixin": "^1.3.0"
      }
    },
    "@advanced-rest-client/arc-icons": {
      "version": "3.1.2",
      "resolved": "https://registry.npmjs.org/@advanced-rest-client/arc-icons/-/arc-icons-3.1.2.tgz",
      "integrity": "sha512-tcEc7vIzgSPu3uWycvxXcrecl5aoXzXQPbpDGKEhL7k6rFH3h6QmPwNC+AQmYpBhJcVKRVuY42zcX+uXb92GYQ==",
      "requires": {
        "lit-element": "^2.4.0",
        "lit-html": "^1.3.0"
      }
    },
    "@advanced-rest-client/arc-overlay-mixin": {
      "version": "1.1.6",
      "resolved": "https://registry.npmjs.org/@advanced-rest-client/arc-overlay-mixin/-/arc-overlay-mixin-1.1.6.tgz",
      "integrity": "sha512-wM/UA+PFItLkS9A9YMGe+Bun4drcMTu0ao0sea2CLiNmGozqA04OggW+2l27K5psi1RhDnl64elkJYMGVLqABQ==",
      "requires": {
        "@advanced-rest-client/arc-fit-mixin": "^1.2.1",
        "@advanced-rest-client/arc-resizable-mixin": "^1.1.2",
        "@open-wc/dedupe-mixin": "^1.3.0",
        "lit-element": "^2.4.0",
        "lit-html": "^1.3.0"
      }
    },
    "@advanced-rest-client/arc-resizable-mixin": {
      "version": "1.1.2",
      "resolved": "https://registry.npmjs.org/@advanced-rest-client/arc-resizable-mixin/-/arc-resizable-mixin-1.1.2.tgz",
      "integrity": "sha512-DoMv8SXqTAiy6u10XoFlSYF0dt/IZx1NUq4SoLWqR2SRi/7xFH9ZHg20BrpBy1mcoewxa1Mf+C8y4sNn/k/9WA==",
      "requires": {
        "@open-wc/dedupe-mixin": "^1.3.0"
      }
    },
    "@advanced-rest-client/clipboard-copy": {
      "version": "3.0.1",
      "resolved": "https://registry.npmjs.org/@advanced-rest-client/clipboard-copy/-/clipboard-copy-3.0.1.tgz",
      "integrity": "sha512-nuadCt6g/bhhbiUcC64yyPsZIgyWwSJvB6dD2Xpoe1G78FhqYU3bCLPco4iN5voFlo9TgDryxOaagPwcz/AUqA=="
    },
    "@advanced-rest-client/date-time": {
      "version": "3.0.2",
      "resolved": "https://registry.npmjs.org/@advanced-rest-client/date-time/-/date-time-3.0.2.tgz",
      "integrity": "sha512-e5hJSVex/EHMo0YWZprOZUQs4KO/Bkt0KAUzjGrOZbpoafuK1Zs1Szu52KtEh7iui9jaTloWqhasrpnkqsgMDQ=="
    },
    "@advanced-rest-client/headers-list-view": {
      "version": "3.0.3",
      "resolved": "https://registry.npmjs.org/@advanced-rest-client/headers-list-view/-/headers-list-view-3.0.3.tgz",
      "integrity": "sha512-PqDjw/W0OvdBqwkZcllUVsNN65Rh3RX8lr2NWxOJbGynRwo0lta6fiAG+Pr52w9USjDN1MlYPfW690EAMUM7kw==",
      "requires": {
        "@advanced-rest-client/headers-parser-mixin": "^3.0.0",
        "lit-element": "^2.2.1"
      }
    },
    "@advanced-rest-client/headers-parser-mixin": {
      "version": "3.2.0",
      "resolved": "https://registry.npmjs.org/@advanced-rest-client/headers-parser-mixin/-/headers-parser-mixin-3.2.0.tgz",
      "integrity": "sha512-/kpQtZ4xZGuISolGekDyVO/WLRc/nYCYSpk2FMUbtn1X6mU52xzuVObnCbX4ySCrwjztEpXlu0h3si/UwXqJBw==",
      "requires": {
        "@open-wc/dedupe-mixin": "^1.2.17"
      }
    },
    "@advanced-rest-client/json-table": {
      "version": "3.2.0",
      "resolved": "https://registry.npmjs.org/@advanced-rest-client/json-table/-/json-table-3.2.0.tgz",
      "integrity": "sha512-RCMhLzlRgIk2gK57LzJPHi9Czgr2jLj++eDStwpTUvETdwdLIt1ijDzfeHIMTGeNQAG1C2IZTytIV1L1npRsKg==",
      "requires": {
        "@advanced-rest-client/arc-icons": "^3.1.0",
        "@anypoint-web-components/anypoint-button": "^1.1.1",
        "@anypoint-web-components/anypoint-dropdown-menu": "^0.1.16",
        "@anypoint-web-components/anypoint-item": "^1.0.7",
        "@anypoint-web-components/anypoint-listbox": "^1.1.4",
        "@open-wc/dedupe-mixin": "^1.2.17",
        "lit-element": "^2.3.1"
      }
    },
    "@advanced-rest-client/json-viewer": {
      "version": "3.1.4",
      "resolved": "https://registry.npmjs.org/@advanced-rest-client/json-viewer/-/json-viewer-3.1.4.tgz",
      "integrity": "sha512-DawyuGmKV4iupvF2Ed7/jBlypablncBRw3ZyR3Cone+2ELjkO/KpHho2EbgGWJ2id6/JzxCoq/A5oYDp4JZITQ==",
      "requires": {
        "@advanced-rest-client/arc-icons": "^3.0.4",
        "@polymer/iron-collapse": "^3.0.0",
        "@polymer/paper-spinner": "^3.0.2",
        "lit-element": "^2.2.1"
      }
    },
    "@advanced-rest-client/prism-highlight": {
      "version": "4.0.2",
      "resolved": "https://registry.npmjs.org/@advanced-rest-client/prism-highlight/-/prism-highlight-4.0.2.tgz",
      "integrity": "sha512-wk9u0wLgkap21140jYfyhy6O88L8o7VTgd1auPQTLncHcoMN3r6MCcIVi6xqsKebhJpO4TxkbERLfU9F2r+f9w==",
      "requires": {
        "lit-element": "^2.0.1",
        "prismjs": "^1.11.0"
      }
    },
    "@advanced-rest-client/request-timings": {
      "version": "3.0.2",
      "resolved": "https://registry.npmjs.org/@advanced-rest-client/request-timings/-/request-timings-3.0.2.tgz",
      "integrity": "sha512-urTf0ZV1ZoMJeddDVz00+5EVL0nJq1i8vrX8UMlT2w8AsKh+i8kn1cSjOCNuVPaFQ7ZWu4inHHYxxXlIaNlx8w==",
      "requires": {
        "@advanced-rest-client/date-time": "^3.0.2",
        "@polymer/paper-progress": "^3.0.0",
        "lit-element": "^2.0.1"
      }
    },
    "@advanced-rest-client/response-body-view": {
      "version": "3.0.8",
      "resolved": "https://registry.npmjs.org/@advanced-rest-client/response-body-view/-/response-body-view-3.0.8.tgz",
      "integrity": "sha512-KeneMUj69Zd0WnTS7W9LAzWflVfrBuZGZRM4iktDtRtvWHuJVLPrLkCBHngisSj2tg3hXLxAKU2VqO6wl8DsOA==",
      "requires": {
        "@advanced-rest-client/clipboard-copy": "^3.0.1",
        "@advanced-rest-client/json-table": "^3.1.3",
        "@advanced-rest-client/json-viewer": "^3.1.3",
        "@advanced-rest-client/response-highlighter": "^3.0.1",
        "@advanced-rest-client/response-raw-viewer": "^3.0.1",
        "@anypoint-web-components/anypoint-button": "^1.0.11",
        "lit-element": "^2.0.1",
        "lit-html": "^1.1.2"
      }
    },
    "@advanced-rest-client/response-error-view": {
      "version": "3.0.4",
      "resolved": "https://registry.npmjs.org/@advanced-rest-client/response-error-view/-/response-error-view-3.0.4.tgz",
      "integrity": "sha512-q4m1KPW+N2imxzSH5OTDeOJklernx/C33NyGzVr3iIzreV2zXIoI2o82Rq3mIIzgUXu1i/eDl3PBsL4jtgKjlw==",
      "requires": {
        "@advanced-rest-client/arc-icons": "^3.0.4",
        "@anypoint-web-components/anypoint-button": "^1.0.12",
        "@polymer/iron-icon": "^3.0.0",
        "lit-element": "^2.0.1"
      }
    },
    "@advanced-rest-client/response-highlighter": {
      "version": "3.0.3",
      "resolved": "https://registry.npmjs.org/@advanced-rest-client/response-highlighter/-/response-highlighter-3.0.3.tgz",
      "integrity": "sha512-t3+lgDhjIeMqpr5A9etIlYXJCW8mBTOi+A6ERY1ueyyWo41a5EpbsTDCS7lPlRpktOs9Iz6bxjx715qQi2S7Tg==",
      "requires": {
        "@advanced-rest-client/prism-highlight": "^4.0.2",
        "lit-element": "^2.0.1",
        "lit-html": "^1.1.2"
      }
    },
    "@advanced-rest-client/response-raw-viewer": {
      "version": "3.0.2",
      "resolved": "https://registry.npmjs.org/@advanced-rest-client/response-raw-viewer/-/response-raw-viewer-3.0.2.tgz",
      "integrity": "sha512-Q06SdtVIjoNm7QoAdL31e9svJ/o0aWPNoPrBpxyAEWyWK5PxPh27zT2+ccGnUd+fErLKPFtDJbxYSn7Y69Ok3Q==",
      "requires": {
        "lit-element": "^2.0.1",
        "lit-html": "^1.1.2"
      }
    },
    "@advanced-rest-client/response-status-view": {
      "version": "3.0.4",
      "resolved": "https://registry.npmjs.org/@advanced-rest-client/response-status-view/-/response-status-view-3.0.4.tgz",
      "integrity": "sha512-A143vbdgzt+zxGkjrvyvEReiZefXVRfP5SkkVc89rgIcQ2NwQwnJRq5BdTDrt8ELkBiIgQvsheD2FWWxdkSL7A==",
      "requires": {
        "@advanced-rest-client/arc-icons": "^3.0.4",
        "@advanced-rest-client/headers-list-view": "^3.0.3",
        "@advanced-rest-client/request-timings": "^3.0.2",
        "@anypoint-web-components/anypoint-button": "^1.0.15",
        "@anypoint-web-components/anypoint-tabs": "^0.1.10",
        "@polymer/iron-collapse": "^3.0.0",
        "lit-element": "^2.2.1"
      }
    },
    "@anypoint-web-components/anypoint-button": {
      "version": "1.1.1",
      "resolved": "https://registry.npmjs.org/@anypoint-web-components/anypoint-button/-/anypoint-button-1.1.1.tgz",
      "integrity": "sha512-S+cfMd5GRepD+133ajGwCNGG+nzTQnH88kcXzbG+Nsl2yC7FQRNNO6N0VQFsfuRl7e+FwWAp3W2iM/HxoAO1kg==",
      "requires": {
        "@anypoint-web-components/anypoint-control-mixins": "^1.1.1",
        "@polymer/paper-ripple": "^3.0.2",
        "lit-element": "^2.3.1"
      }
    },
    "@anypoint-web-components/anypoint-control-mixins": {
      "version": "1.1.3",
      "resolved": "https://registry.npmjs.org/@anypoint-web-components/anypoint-control-mixins/-/anypoint-control-mixins-1.1.3.tgz",
      "integrity": "sha512-LRhwEav2ZpDBRKiGo3Upu4B0ur/j8+2JxeqHGwxcXc8ORuiJLVxcorURuKhLyvEjk5fP5pI0S0KGIUj66N1KQg==",
      "requires": {
        "@open-wc/dedupe-mixin": "^1.3.0"
      }
    },
    "@anypoint-web-components/anypoint-dropdown": {
      "version": "1.1.2",
      "resolved": "https://registry.npmjs.org/@anypoint-web-components/anypoint-dropdown/-/anypoint-dropdown-1.1.2.tgz",
      "integrity": "sha512-FAQDIUuokek1Vs9NNDQX+4aLR1hw4y9eWJ3P9aFciWFYKZLjn9ySl+0U8nnKsqBmcoq+vbtmgeBjPV6X2mMUeQ==",
      "requires": {
        "@advanced-rest-client/arc-overlay-mixin": "^1.1.5",
        "@anypoint-web-components/anypoint-control-mixins": "^1.1.1",
        "lit-element": "^2.3.1",
        "lit-html": "^1.2.1"
      }
    },
    "@anypoint-web-components/anypoint-dropdown-menu": {
      "version": "0.1.17",
      "resolved": "https://registry.npmjs.org/@anypoint-web-components/anypoint-dropdown-menu/-/anypoint-dropdown-menu-0.1.17.tgz",
      "integrity": "sha512-zuj4khwSAuDlhFd18SjZAAr9dN9RR0E2+XbCUcYSdp6CVukv1N4bLREsBozc4kU9cv6Rn5IRzJIzLeFWdfURQA==",
      "requires": {
        "@anypoint-web-components/anypoint-button": "^1.1.1",
        "@anypoint-web-components/anypoint-control-mixins": "^1.1.1",
        "@anypoint-web-components/anypoint-dropdown": "^1.1.2",
        "@anypoint-web-components/validatable-mixin": "^1.1.1",
        "lit-element": "^2.3.1",
        "lit-html": "^1.2.1"
      }
    },
    "@anypoint-web-components/anypoint-item": {
      "version": "1.0.8",
      "resolved": "https://registry.npmjs.org/@anypoint-web-components/anypoint-item/-/anypoint-item-1.0.8.tgz",
      "integrity": "sha512-eqS74CXXIHHyU0Q9QbubfOqURQBLlZETRSJ/qs3AE47Hg6qO1Hr8DNy15qwECGsdm/rZ611K73ZJCuQtC0FRSA==",
      "requires": {
        "@anypoint-web-components/anypoint-control-mixins": "^1.1.2",
        "@anypoint-web-components/anypoint-styles": "^1.0.1",
        "lit-element": "^2.4.0",
        "lit-html": "^1.3.0"
      }
    },
    "@anypoint-web-components/anypoint-listbox": {
      "version": "1.1.4",
      "resolved": "https://registry.npmjs.org/@anypoint-web-components/anypoint-listbox/-/anypoint-listbox-1.1.4.tgz",
      "integrity": "sha512-dt3xyAIa/87n7PM6OXUPGRNWVxZHWSq3H3wqVppRIm75qREiMN93ml1mlt4gI5pw+6emO8vF3VkJumGN8Tw4vg==",
      "requires": {
        "@anypoint-web-components/anypoint-menu-mixin": "^1.1.3",
        "lit-element": "^2.3.1",
        "lit-html": "^1.2.1"
      }
    },
    "@anypoint-web-components/anypoint-menu-mixin": {
      "version": "1.1.7",
      "resolved": "https://registry.npmjs.org/@anypoint-web-components/anypoint-menu-mixin/-/anypoint-menu-mixin-1.1.7.tgz",
      "integrity": "sha512-yw4Cb3kU2TJSKGlkz1gvJG+vlZQ9NcCzwjSXabAWf8zV2bUIlNry97wYgof00t3Ql6VUW+wSnLVyKZxzrzN41Q==",
      "requires": {
        "@anypoint-web-components/anypoint-selector": "^1.1.5",
        "@open-wc/dedupe-mixin": "^1.3.0",
        "lit-element": "^2.4.0",
        "lit-html": "^1.3.0"
      }
    },
    "@anypoint-web-components/anypoint-selector": {
      "version": "1.1.5",
      "resolved": "https://registry.npmjs.org/@anypoint-web-components/anypoint-selector/-/anypoint-selector-1.1.5.tgz",
      "integrity": "sha512-gxTifvN5Xy42J4qIAFqfB3w0TnIa8obnIdt6BI46CErITVddRKyHVv9HmbNFZzdQEpDZ0LOq03EUTX0HW9nhKw==",
      "requires": {
        "@open-wc/dedupe-mixin": "^1.3.0",
        "lit-element": "^2.4.0",
        "lit-html": "^1.3.0"
      }
    },
    "@anypoint-web-components/anypoint-styles": {
      "version": "1.0.1",
      "resolved": "https://registry.npmjs.org/@anypoint-web-components/anypoint-styles/-/anypoint-styles-1.0.1.tgz",
      "integrity": "sha512-sTsbaVSWuFEaOjFL+9t++E95rV+aQqtnbqqIEhhLei7P/z0v/ySfRxATnyjq6YgfHN0D2axZ3uk7l6nEN6YKHQ==",
      "requires": {
        "lit-element": "^2.2.1",
        "lit-html": "^1.1.2"
      }
    },
    "@anypoint-web-components/anypoint-tabs": {
      "version": "0.1.12",
      "resolved": "https://registry.npmjs.org/@anypoint-web-components/anypoint-tabs/-/anypoint-tabs-0.1.12.tgz",
      "integrity": "sha512-t3Qe9JPRJCof5LMMVDcOqltDnGvpigUboxASVrovuf0iPeDYgPWjJ59pNgeLFnT20LGsZVgEAGWBnOuuK5XGuw==",
      "requires": {
        "@advanced-rest-client/arc-resizable-mixin": "^1.1.1",
        "@anypoint-web-components/anypoint-button": "^1.1.1",
        "@anypoint-web-components/anypoint-control-mixins": "^1.1.2",
        "@anypoint-web-components/anypoint-menu-mixin": "^1.1.7",
        "@polymer/iron-icon": "^3.0.1",
        "@polymer/paper-ripple": "^3.0.2",
        "lit-element": "^2.4.0",
        "lit-html": "^1.3.0"
      }
    },
    "@anypoint-web-components/validatable-mixin": {
      "version": "1.1.3",
      "resolved": "https://registry.npmjs.org/@anypoint-web-components/validatable-mixin/-/validatable-mixin-1.1.3.tgz",
      "integrity": "sha512-cObFmNCIWxbGoYEO7cMUEEB4LQ4n3HEgk1gS7LB/TZSvXzzth00f3lbxkvQsubBIFVEOKFUq5Lo8vuG81t0/2w==",
      "requires": {
        "@anypoint-web-components/validator-mixin": "^1.1.1",
        "@open-wc/dedupe-mixin": "^1.3.0"
      }
    },
    "@anypoint-web-components/validator-mixin": {
      "version": "1.1.1",
      "resolved": "https://registry.npmjs.org/@anypoint-web-components/validator-mixin/-/validator-mixin-1.1.1.tgz",
      "integrity": "sha512-SHBFXn/uHP5ptQY/ZV/DzEb0dBYldQF1Rti1q+3lfbUcYiA59QdfsPvOmre6a64NeaHagV/aMd4zj3FNH5hAXg==",
      "requires": {
        "@open-wc/dedupe-mixin": "^1.2.17"
      }
    },
    "@open-wc/dedupe-mixin": {
      "version": "1.3.0",
      "resolved": "https://registry.npmjs.org/@open-wc/dedupe-mixin/-/dedupe-mixin-1.3.0.tgz",
      "integrity": "sha512-UfdK1MPnR6T7f3svzzYBfu3qBkkZ/KsPhcpc3JYhsUY4hbpwNF9wEQtD4Z+/mRqMTJrKg++YSxIxE0FBhY3RIw=="
    },
    "@polymer/font-roboto": {
      "version": "3.0.2",
      "resolved": "https://registry.npmjs.org/@polymer/font-roboto/-/font-roboto-3.0.2.tgz",
      "integrity": "sha512-tx5TauYSmzsIvmSqepUPDYbs4/Ejz2XbZ1IkD7JEGqkdNUJlh+9KU85G56Tfdk/xjEZ8zorFfN09OSwiMrIQWA=="
    },
    "@polymer/iron-a11y-keys-behavior": {
      "version": "3.0.1",
      "resolved": "https://registry.npmjs.org/@polymer/iron-a11y-keys-behavior/-/iron-a11y-keys-behavior-3.0.1.tgz",
      "integrity": "sha512-lnrjKq3ysbBPT/74l0Fj0U9H9C35Tpw2C/tpJ8a+5g8Y3YJs1WSZYnEl1yOkw6sEyaxOq/1DkzH0+60gGu5/PQ==",
      "requires": {
        "@polymer/polymer": "^3.0.0"
      }
    },
    "@polymer/iron-collapse": {
      "version": "3.0.1",
      "resolved": "https://registry.npmjs.org/@polymer/iron-collapse/-/iron-collapse-3.0.1.tgz",
      "integrity": "sha512-yg6q5ZyckQR9VL9VmLrSTkSFXWy9AcJC8KtnD5cg0EHRPbakE8I9S/gVAgeP4nMWV2a/BjLLC4IBygcCMDhAGw==",
      "requires": {
        "@polymer/iron-resizable-behavior": "^3.0.0-pre.26",
        "@polymer/polymer": "^3.0.0"
      }
    },
    "@polymer/iron-flex-layout": {
      "version": "3.0.1",
      "resolved": "https://registry.npmjs.org/@polymer/iron-flex-layout/-/iron-flex-layout-3.0.1.tgz",
      "integrity": "sha512-7gB869czArF+HZcPTVSgvA7tXYFze9EKckvM95NB7SqYF+NnsQyhoXgKnpFwGyo95lUjUW9TFDLUwDXnCYFtkw==",
      "requires": {
        "@polymer/polymer": "^3.0.0"
      }
    },
    "@polymer/iron-icon": {
      "version": "3.0.1",
      "resolved": "https://registry.npmjs.org/@polymer/iron-icon/-/iron-icon-3.0.1.tgz",
      "integrity": "sha512-QLPwirk+UPZNaLnMew9VludXA4CWUCenRewgEcGYwdzVgDPCDbXxy6vRJjmweZobMQv/oVLppT2JZtJFnPxX6g==",
      "requires": {
        "@polymer/iron-flex-layout": "^3.0.0-pre.26",
        "@polymer/iron-meta": "^3.0.0-pre.26",
        "@polymer/polymer": "^3.0.0"
      }
    },
    "@polymer/iron-meta": {
      "version": "3.0.1",
      "resolved": "https://registry.npmjs.org/@polymer/iron-meta/-/iron-meta-3.0.1.tgz",
      "integrity": "sha512-pWguPugiLYmWFV9UWxLWzZ6gm4wBwQdDy4VULKwdHCqR7OP7u98h+XDdGZsSlDPv6qoryV/e3tGHlTIT0mbzJA==",
      "requires": {
        "@polymer/polymer": "^3.0.0"
      }
    },
    "@polymer/iron-range-behavior": {
      "version": "3.0.1",
      "resolved": "https://registry.npmjs.org/@polymer/iron-range-behavior/-/iron-range-behavior-3.0.1.tgz",
      "integrity": "sha512-+jtL9v45M/T1RJleWyQaNH84S9/mIIR+AjNbYIttbKGp1eG+98j8MDWe7LXNtg79V2LQnE/+VS82cBeELyGVeg==",
      "requires": {
        "@polymer/polymer": "^3.0.0"
      }
    },
    "@polymer/iron-resizable-behavior": {
      "version": "3.0.1",
      "resolved": "https://registry.npmjs.org/@polymer/iron-resizable-behavior/-/iron-resizable-behavior-3.0.1.tgz",
      "integrity": "sha512-FyHxRxFspVoRaeZSWpT3y0C9awomb4tXXolIJcZ7RvXhMP632V5lez+ch5G5SwK0LpnAPkg35eB0LPMFv+YMMQ==",
      "requires": {
        "@polymer/polymer": "^3.0.0"
      }
    },
    "@polymer/paper-progress": {
      "version": "3.0.1",
      "resolved": "https://registry.npmjs.org/@polymer/paper-progress/-/paper-progress-3.0.1.tgz",
      "integrity": "sha512-5nguG+tmnyoaWKVNG8Smtno2uLSPBgEsT3f20JY8yJTjUBYWaqa8E3l5RLkTRXgA4x9OnvLb8/CdlQWXQIogBg==",
      "requires": {
        "@polymer/iron-flex-layout": "^3.0.0-pre.26",
        "@polymer/iron-range-behavior": "^3.0.0-pre.26",
        "@polymer/paper-styles": "^3.0.0-pre.26",
        "@polymer/polymer": "^3.0.0"
      }
    },
    "@polymer/paper-ripple": {
      "version": "3.0.2",
      "resolved": "https://registry.npmjs.org/@polymer/paper-ripple/-/paper-ripple-3.0.2.tgz",
      "integrity": "sha512-DnLNvYIMsiayeICroYxx6Q6Hg1cUU8HN2sbutXazlemAlGqdq80qz3TIaVdbpbt/pvjcFGX2HtntMlPstCge8Q==",
      "requires": {
        "@polymer/iron-a11y-keys-behavior": "^3.0.0-pre.26",
        "@polymer/polymer": "^3.0.0"
      }
    },
    "@polymer/paper-spinner": {
      "version": "3.0.2",
      "resolved": "https://registry.npmjs.org/@polymer/paper-spinner/-/paper-spinner-3.0.2.tgz",
      "integrity": "sha512-XUzu8/4NH+pnNZUTI2MxtOKFAr0EOsW7eGhTg3VBhTh7DDW/q3ewzwYRWnqNJokX9BEnxKMiXXaIeTEBq4k2dw==",
      "requires": {
        "@polymer/paper-styles": "^3.0.0-pre.26",
        "@polymer/polymer": "^3.0.0"
      }
    },
    "@polymer/paper-styles": {
      "version": "3.0.1",
      "resolved": "https://registry.npmjs.org/@polymer/paper-styles/-/paper-styles-3.0.1.tgz",
      "integrity": "sha512-y6hmObLqlCx602TQiSBKHqjwkE7xmDiFkoxdYGaNjtv4xcysOTdVJsDR/R9UHwIaxJ7gHlthMSykir1nv78++g==",
      "requires": {
        "@polymer/font-roboto": "^3.0.1",
        "@polymer/iron-flex-layout": "^3.0.0-pre.26",
        "@polymer/polymer": "^3.0.0"
      }
    },
    "@polymer/polymer": {
      "version": "3.4.1",
      "resolved": "https://registry.npmjs.org/@polymer/polymer/-/polymer-3.4.1.tgz",
      "integrity": "sha512-KPWnhDZibtqKrUz7enIPOiO4ZQoJNOuLwqrhV2MXzIt3VVnUVJVG5ORz4Z2sgO+UZ+/UZnPD0jqY+jmw/+a9mQ==",
      "requires": {
        "@webcomponents/shadycss": "^1.9.1"
      }
    },
    "@webcomponents/shadycss": {
      "version": "1.10.1",
      "resolved": "https://registry.npmjs.org/@webcomponents/shadycss/-/shadycss-1.10.1.tgz",
      "integrity": "sha512-XEVDA7oH6o4Au9apyRDucjcIzvP44Ur4sqTMGRKCcE6sCAeKiOkRE03TCYNJAFkzckMWWT8Xx3IxG3iwjAcsRQ=="
    },
    "clipboard": {
      "version": "2.0.6",
      "resolved": "https://registry.npmjs.org/clipboard/-/clipboard-2.0.6.tgz",
      "integrity": "sha512-g5zbiixBRk/wyKakSwCKd7vQXDjFnAMGHoEyBogG/bw9kTD9GvdAvaoRR1ALcEzt3pVKxZR0pViekPMIS0QyGg==",
      "optional": true,
      "requires": {
        "good-listener": "^1.2.2",
        "select": "^1.1.2",
        "tiny-emitter": "^2.0.0"
      }
    },
    "delegate": {
      "version": "3.2.0",
      "resolved": "https://registry.npmjs.org/delegate/-/delegate-3.2.0.tgz",
      "integrity": "sha512-IofjkYBZaZivn0V8nnsMJGBr4jVLxHDheKSW88PyxS5QC4Vo9ZbZVvhzlSxY87fVq3STR6r+4cGepyHkcWOQSw==",
      "optional": true
    },
    "good-listener": {
      "version": "1.2.2",
      "resolved": "https://registry.npmjs.org/good-listener/-/good-listener-1.2.2.tgz",
      "integrity": "sha1-1TswzfkxPf+33JoNR3CWqm0UXFA=",
      "optional": true,
      "requires": {
        "delegate": "^3.1.2"
      }
    },
    "lit-element": {
      "version": "2.4.0",
      "resolved": "https://registry.npmjs.org/lit-element/-/lit-element-2.4.0.tgz",
      "integrity": "sha512-pBGLglxyhq/Prk2H91nA0KByq/hx/wssJBQFiYqXhGDvEnY31PRGYf1RglVzyLeRysu0IHm2K0P196uLLWmwFg==",
      "requires": {
        "lit-html": "^1.1.1"
      }
    },
    "lit-html": {
      "version": "1.3.0",
      "resolved": "https://registry.npmjs.org/lit-html/-/lit-html-1.3.0.tgz",
      "integrity": "sha512-0Q1bwmaFH9O14vycPHw8C/IeHMk/uSDldVLIefu/kfbTBGIc44KGH6A8p1bDfxUfHdc8q6Ct7kQklWoHgr4t1Q=="
    },
    "prismjs": {
      "version": "1.21.0",
      "resolved": "https://registry.npmjs.org/prismjs/-/prismjs-1.21.0.tgz",
      "integrity": "sha512-uGdSIu1nk3kej2iZsLyDoJ7e9bnPzIgY0naW/HdknGj61zScaprVEVGHrPoXqI+M9sP0NDnTK2jpkvmldpuqDw==",
      "requires": {
        "clipboard": "^2.0.0"
      }
    },
    "select": {
      "version": "1.1.2",
      "resolved": "https://registry.npmjs.org/select/-/select-1.1.2.tgz",
      "integrity": "sha1-DnNQrN7ICxEIUoeG7B1EGNEbOW0=",
      "optional": true
    },
    "tiny-emitter": {
      "version": "2.1.0",
      "resolved": "https://registry.npmjs.org/tiny-emitter/-/tiny-emitter-2.1.0.tgz",
      "integrity": "sha512-NB6Dk1A9xgQPMoGqC5CVXn123gWyte215ONT5Pp5a0yt4nlEoO1ZWeCwpncaekPHXO60i47ihFnZPiRPjRMq4Q==",
      "optional": true
    }
  }
}
